// !$*UTF8*$!
{
	archiveVersion = 1;
	classes = {
	};
	objectVersion = 56;
	objects = {

/* Begin PBXBuildFile section */
		49459BDF2A26AE7800645818 /* VideoFeedApp.swift in Sources */ = {isa = PBXBuildFile; fileRef = 49459BDE2A26AE7800645818 /* VideoFeedApp.swift */; };
		49459BE12A26AE7800645818 /* ContentView.swift in Sources */ = {isa = PBXBuildFile; fileRef = 49459BE02A26AE7800645818 /* ContentView.swift */; };
		49459BE32A26AE7900645818 /* Assets.xcassets in Resources */ = {isa = PBXBuildFile; fileRef = 49459BE22A26AE7900645818 /* Assets.xcassets */; };
		49459BE62A26AE7900645818 /* Preview Assets.xcassets in Resources */ = {isa = PBXBuildFile; fileRef = 49459BE52A26AE7900645818 /* Preview Assets.xcassets */; };
		49459BF22A26B6B800645818 /* ContentViewModel.swift in Sources */ = {isa = PBXBuildFile; fileRef = 49459BF12A26B6B800645818 /* ContentViewModel.swift */; };
		49459BF52A26BBC500645818 /* Kingfisher in Frameworks */ = {isa = PBXBuildFile; productRef = 49459BF42A26BBC500645818 /* Kingfisher */; };
		49459BF82A26BC7100645818 /* FirebaseFirestore in Frameworks */ = {isa = PBXBuildFile; productRef = 49459BF72A26BC7100645818 /* FirebaseFirestore */; };
		49459BFA2A26BC7100645818 /* FirebaseFirestoreSwift in Frameworks */ = {isa = PBXBuildFile; productRef = 49459BF92A26BC7100645818 /* FirebaseFirestoreSwift */; };
		49459BFC2A26BC7100645818 /* FirebaseStorage in Frameworks */ = {isa = PBXBuildFile; productRef = 49459BFB2A26BC7100645818 /* FirebaseStorage */; };
		49459BFE2A26BCEA00645818 /* GoogleService-Info.plist in Resources */ = {isa = PBXBuildFile; fileRef = 49459BFD2A26BCEA00645818 /* GoogleService-Info.plist */; };
		49459C002A26BDAA00645818 /* VideoUploader.swift in Sources */ = {isa = PBXBuildFile; fileRef = 49459BFF2A26BDAA00645818 /* VideoUploader.swift */; };
		49459C022A26DCE000645818 /* Video.swift in Sources */ = {isa = PBXBuildFile; fileRef = 49459C012A26DCE000645818 /* Video.swift */; };
/* End PBXBuildFile section */

/* Begin PBXFileReference section */
		49459BDB2A26AE7800645818 /* VideoFeed.app */ = {isa = PBXFileReference; explicitFileType = wrapper.application; includeInIndex = 0; path = VideoFeed.app; sourceTree = BUILT_PRODUCTS_DIR; };
		49459BDE2A26AE7800645818 /* VideoFeedApp.swift */ = {isa = PBXFileReference; lastKnownFileType = sourcecode.swift; path = VideoFeedApp.swift; sourceTree = "<group>"; };
		49459BE02A26AE7800645818 /* ContentView.swift */ = {isa = PBXFileReference; lastKnownFileType = sourcecode.swift; path = ContentView.swift; sourceTree = "<group>"; };
		49459BE22A26AE7900645818 /* Assets.xcassets */ = {isa = PBXFileReference; lastKnownFileType = folder.assetcatalog; path = Assets.xcassets; sourceTree = "<group>"; };
		49459BE52A26AE7900645818 /* Preview Assets.xcassets */ = {isa = PBXFileReference; lastKnownFileType = folder.assetcatalog; path = "Preview Assets.xcassets"; sourceTree = "<group>"; };
		49459BF12A26B6B800645818 /* ContentViewModel.swift */ = {isa = PBXFileReference; lastKnownFileType = sourcecode.swift; path = ContentViewModel.swift; sourceTree = "<group>"; };
		49459BFD2A26BCEA00645818 /* GoogleService-Info.plist */ = {isa = PBXFileReference; fileEncoding = 4; lastKnownFileType = text.plist.xml; path = "GoogleService-Info.plist"; sourceTree = "<group>"; };
		49459BFF2A26BDAA00645818 /* VideoUploader.swift */ = {isa = PBXFileReference; lastKnownFileType = sourcecode.swift; path = VideoUploader.swift; sourceTree = "<group>"; };
		49459C012A26DCE000645818 /* Video.swift */ = {isa = PBXFileReference; lastKnownFileType = sourcecode.swift; path = Video.swift; sourceTree = "<group>"; };
/* End PBXFileReference section */

/* Begin PBXFrameworksBuildPhase section */
		49459BD82A26AE7800645818 /* Frameworks */ = {
			isa = PBXFrameworksBuildPhase;
			buildActionMask = 2147483647;
			files = (
				49459BF52A26BBC500645818 /* Kingfisher in Frameworks */,
				49459BFC2A26BC7100645818 /* FirebaseStorage in Frameworks */,
				49459BF82A26BC7100645818 /* FirebaseFirestore in Frameworks */,
				49459BFA2A26BC7100645818 /* FirebaseFirestoreSwift in Frameworks */,
			);
			runOnlyForDeploymentPostprocessing = 0;
		};
/* End PBXFrameworksBuildPhase section */

/* Begin PBXGroup section */
		49459BD22A26AE7800645818 = {
			isa = PBXGroup;
			children = (
				49459BDD2A26AE7800645818 /* VideoFeed */,
				49459BDC2A26AE7800645818 /* Products */,
			);
			sourceTree = "<group>";
		};
		49459BDC2A26AE7800645818 /* Products */ = {
			isa = PBXGroup;
			children = (
				49459BDB2A26AE7800645818 /* VideoFeed.app */,
			);
			name = Products;
			sourceTree = "<group>";
		};
		49459BDD2A26AE7800645818 /* VideoFeed */ = {
			isa = PBXGroup;
			children = (
				49459BF02A26AFE800645818 /* App */,
				49459BEF2A26AFE400645818 /* Model */,
				49459BEE2A26AFE100645818 /* ViewModel */,
				49459BED2A26AFDE00645818 /* View */,
				49459BEC2A26AFDB00645818 /* Service */,
				49459BE22A26AE7900645818 /* Assets.xcassets */,
				49459BFD2A26BCEA00645818 /* GoogleService-Info.plist */,
				49459BE42A26AE7900645818 /* Preview Content */,
			);
			path = VideoFeed;
			sourceTree = "<group>";
		};
		49459BE42A26AE7900645818 /* Preview Content */ = {
			isa = PBXGroup;
			children = (
				49459BE52A26AE7900645818 /* Preview Assets.xcassets */,
			);
			path = "Preview Content";
			sourceTree = "<group>";
		};
		49459BEC2A26AFDB00645818 /* Service */ = {
			isa = PBXGroup;
			children = (
				49459BFF2A26BDAA00645818 /* VideoUploader.swift */,
			);
			path = Service;
			sourceTree = "<group>";
		};
		49459BED2A26AFDE00645818 /* View */ = {
			isa = PBXGroup;
			children = (
				49459BE02A26AE7800645818 /* ContentView.swift */,
			);
			path = View;
			sourceTree = "<group>";
		};
		49459BEE2A26AFE100645818 /* ViewModel */ = {
			isa = PBXGroup;
			children = (
				49459BF12A26B6B800645818 /* ContentViewModel.swift */,
			);
			path = ViewModel;
			sourceTree = "<group>";
		};
		49459BEF2A26AFE400645818 /* Model */ = {
			isa = PBXGroup;
			children = (
				49459C012A26DCE000645818 /* Video.swift */,
			);
			path = Model;
			sourceTree = "<group>";
		};
		49459BF02A26AFE800645818 /* App */ = {
			isa = PBXGroup;
			children = (
				49459BDE2A26AE7800645818 /* VideoFeedApp.swift */,
			);
			path = App;
			sourceTree = "<group>";
		};
/* End PBXGroup section */

/* Begin PBXNativeTarget section */
		49459BDA2A26AE7800645818 /* VideoFeed */ = {
			isa = PBXNativeTarget;
			buildConfigurationList = 49459BE92A26AE7900645818 /* Build configuration list for PBXNativeTarget "VideoFeed" */;
			buildPhases = (
				49459BD72A26AE7800645818 /* Sources */,
				49459BD82A26AE7800645818 /* Frameworks */,
				49459BD92A26AE7800645818 /* Resources */,
			);
			buildRules = (
			);
			dependencies = (
			);
			name = VideoFeed;
			packageProductDependencies = (
				49459BF42A26BBC500645818 /* Kingfisher */,
				49459BF72A26BC7100645818 /* FirebaseFirestore */,
				49459BF92A26BC7100645818 /* FirebaseFirestoreSwift */,
				49459BFB2A26BC7100645818 /* FirebaseStorage */,
			);
			productName = VideoFeed;
			productReference = 49459BDB2A26AE7800645818 /* VideoFeed.app */;
			productType = "com.apple.product-type.application";
		};
/* End PBXNativeTarget section */

/* Begin PBXProject section */
		49459BD32A26AE7800645818 /* Project object */ = {
			isa = PBXProject;
			attributes = {
				BuildIndependentTargetsInParallel = 1;
				LastSwiftUpdateCheck = 1430;
				LastUpgradeCheck = 1430;
				TargetAttributes = {
					49459BDA2A26AE7800645818 = {
						CreatedOnToolsVersion = 14.3;
					};
				};
			};
			buildConfigurationList = 49459BD62A26AE7800645818 /* Build configuration list for PBXProject "VideoFeed" */;
			compatibilityVersion = "Xcode 14.0";
			developmentRegion = en;
			hasScannedForEncodings = 0;
			knownRegions = (
				en,
				Base,
			);
			mainGroup = 49459BD22A26AE7800645818;
			packageReferences = (
				49459BF32A26BBC500645818 /* XCRemoteSwiftPackageReference "Kingfisher" */,
				49459BF62A26BC7100645818 /* XCRemoteSwiftPackageReference "firebase-ios-sdk" */,
			);
			productRefGroup = 49459BDC2A26AE7800645818 /* Products */;
			projectDirPath = "";
			projectRoot = "";
			targets = (
				49459BDA2A26AE7800645818 /* VideoFeed */,
			);
		};
/* End PBXProject section */

/* Begin PBXResourcesBuildPhase section */
		49459BD92A26AE7800645818 /* Resources */ = {
			isa = PBXResourcesBuildPhase;
			buildActionMask = 2147483647;
			files = (
				49459BE62A26AE7900645818 /* Preview Assets.xcassets in Resources */,
				49459BE32A26AE7900645818 /* Assets.xcassets in Resources */,
				49459BFE2A26BCEA00645818 /* GoogleService-Info.plist in Resources */,
			);
			runOnlyForDeploymentPostprocessing = 0;
		};
/* End PBXResourcesBuildPhase section */

/* Begin PBXSourcesBuildPhase section */
		49459BD72A26AE7800645818 /* Sources */ = {
			isa = PBXSourcesBuildPhase;
			buildActionMask = 2147483647;
			files = (
				49459BE12A26AE7800645818 /* ContentView.swift in Sources */,
				49459C002A26BDAA00645818 /* VideoUploader.swift in Sources */,
				49459BDF2A26AE7800645818 /* VideoFeedApp.swift in Sources */,
				49459BF22A26B6B800645818 /* ContentViewModel.swift in Sources */,
				49459C022A26DCE000645818 /* Video.swift in Sources */,
			);
			runOnlyForDeploymentPostprocessing = 0;
		};
/* End PBXSourcesBuildPhase section */

/* Begin XCBuildConfiguration section */
		49459BE72A26AE7900645818 /* Debug */ = {
			isa = XCBuildConfiguration;
			buildSettings = {
				ALWAYS_SEARCH_USER_PATHS = NO;
				CLANG_ANALYZER_NONNULL = YES;
				CLANG_ANALYZER_NUMBER_OBJECT_CONVERSION = YES_AGGRESSIVE;
				CLANG_CXX_LANGUAGE_STANDARD = "gnu++20";
				CLANG_ENABLE_MODULES = YES;
				CLANG_ENABLE_OBJC_ARC = YES;
				CLANG_ENABLE_OBJC_WEAK = YES;
				CLANG_WARN_BLOCK_CAPTURE_AUTORELEASING = YES;
				CLANG_WARN_BOOL_CONVERSION = YES;
				CLANG_WARN_COMMA = YES;
				CLANG_WARN_CONSTANT_CONVERSION = YES;
				CLANG_WARN_DEPRECATED_OBJC_IMPLEMENTATIONS = YES;
				CLANG_WARN_DIRECT_OBJC_ISA_USAGE = YES_ERROR;
				CLANG_WARN_DOCUMENTATION_COMMENTS = YES;
				CLANG_WARN_EMPTY_BODY = YES;
				CLANG_WARN_ENUM_CONVERSION = YES;
				CLANG_WARN_INFINITE_RECURSION = YES;
				CLANG_WARN_INT_CONVERSION = YES;
				CLANG_WARN_NON_LITERAL_NULL_CONVERSION = YES;
				CLANG_WARN_OBJC_IMPLICIT_RETAIN_SELF = YES;
				CLANG_WARN_OBJC_LITERAL_CONVERSION = YES;
				CLANG_WARN_OBJC_ROOT_CLASS = YES_ERROR;
				CLANG_WARN_QUOTED_INCLUDE_IN_FRAMEWORK_HEADER = YES;
				CLANG_WARN_RANGE_LOOP_ANALYSIS = YES;
				CLANG_WARN_STRICT_PROTOTYPES = YES;
				CLANG_WARN_SUSPICIOUS_MOVE = YES;
				CLANG_WARN_UNGUARDED_AVAILABILITY = YES_AGGRESSIVE;
				CLANG_WARN_UNREACHABLE_CODE = YES;
				CLANG_WARN__DUPLICATE_METHOD_MATCH = YES;
				COPY_PHASE_STRIP = NO;
				DEBUG_INFORMATION_FORMAT = dwarf;
				ENABLE_STRICT_OBJC_MSGSEND = YES;
				ENABLE_TESTABILITY = YES;
				GCC_C_LANGUAGE_STANDARD = gnu11;
				GCC_DYNAMIC_NO_PIC = NO;
				GCC_NO_COMMON_BLOCKS = YES;
				GCC_OPTIMIZATION_LEVEL = 0;
				GCC_PREPROCESSOR_DEFINITIONS = (
					"DEBUG=1",
					"$(inherited)",
				);
				GCC_WARN_64_TO_32_BIT_CONVERSION = YES;
				GCC_WARN_ABOUT_RETURN_TYPE = YES_ERROR;
				GCC_WARN_UNDECLARED_SELECTOR = YES;
				GCC_WARN_UNINITIALIZED_AUTOS = YES_AGGRESSIVE;
				GCC_WARN_UNUSED_FUNCTION = YES;
				GCC_WARN_UNUSED_VARIABLE = YES;
				IPHONEOS_DEPLOYMENT_TARGET = 16.4;
				MTL_ENABLE_DEBUG_INFO = INCLUDE_SOURCE;
				MTL_FAST_MATH = YES;
				ONLY_ACTIVE_ARCH = YES;
				SDKROOT = iphoneos;
				SWIFT_ACTIVE_COMPILATION_CONDITIONS = DEBUG;
				SWIFT_OPTIMIZATION_LEVEL = "-Onone";
			};
			name = Debug;
		};
		49459BE82A26AE7900645818 /* Release */ = {
			isa = XCBuildConfiguration;
			buildSettings = {
				ALWAYS_SEARCH_USER_PATHS = NO;
				CLANG_ANALYZER_NONNULL = YES;
				CLANG_ANALYZER_NUMBER_OBJECT_CONVERSION = YES_AGGRESSIVE;
				CLANG_CXX_LANGUAGE_STANDARD = "gnu++20";
				CLANG_ENABLE_MODULES = YES;
				CLANG_ENABLE_OBJC_ARC = YES;
				CLANG_ENABLE_OBJC_WEAK = YES;
				CLANG_WARN_BLOCK_CAPTURE_AUTORELEASING = YES;
				CLANG_WARN_BOOL_CONVERSION = YES;
				CLANG_WARN_COMMA = YES;
				CLANG_WARN_CONSTANT_CONVERSION = YES;
				CLANG_WARN_DEPRECATED_OBJC_IMPLEMENTATIONS = YES;
				CLANG_WARN_DIRECT_OBJC_ISA_USAGE = YES_ERROR;
				CLANG_WARN_DOCUMENTATION_COMMENTS = YES;
				CLANG_WARN_EMPTY_BODY = YES;
				CLANG_WARN_ENUM_CONVERSION = YES;
				CLANG_WARN_INFINITE_RECURSION = YES;
				CLANG_WARN_INT_CONVERSION = YES;
				CLANG_WARN_NON_LITERAL_NULL_CONVERSION = YES;
				CLANG_WARN_OBJC_IMPLICIT_RETAIN_SELF = YES;
				CLANG_WARN_OBJC_LITERAL_CONVERSION = YES;
				CLANG_WARN_OBJC_ROOT_CLASS = YES_ERROR;
				CLANG_WARN_QUOTED_INCLUDE_IN_FRAMEWORK_HEADER = YES;
				CLANG_WARN_RANGE_LOOP_ANALYSIS = YES;
				CLANG_WARN_STRICT_PROTOTYPES = YES;
				CLANG_WARN_SUSPICIOUS_MOVE = YES;
				CLANG_WARN_UNGUARDED_AVAILABILITY = YES_AGGRESSIVE;
				CLANG_WARN_UNREACHABLE_CODE = YES;
				CLANG_WARN__DUPLICATE_METHOD_MATCH = YES;
				COPY_PHASE_STRIP = NO;
				DEBUG_INFORMATION_FORMAT = "dwarf-with-dsym";
				ENABLE_NS_ASSERTIONS = NO;
				ENABLE_STRICT_OBJC_MSGSEND = YES;
				GCC_C_LANGUAGE_STANDARD = gnu11;
				GCC_NO_COMMON_BLOCKS = YES;
				GCC_WARN_64_TO_32_BIT_CONVERSION = YES;
				GCC_WARN_ABOUT_RETURN_TYPE = YES_ERROR;
				GCC_WARN_UNDECLARED_SELECTOR = YES;
				GCC_WARN_UNINITIALIZED_AUTOS = YES_AGGRESSIVE;
				GCC_WARN_UNUSED_FUNCTION = YES;
				GCC_WARN_UNUSED_VARIABLE = YES;
				IPHONEOS_DEPLOYMENT_TARGET = 16.4;
				MTL_ENABLE_DEBUG_INFO = NO;
				MTL_FAST_MATH = YES;
				SDKROOT = iphoneos;
				SWIFT_COMPILATION_MODE = wholemodule;
				SWIFT_OPTIMIZATION_LEVEL = "-O";
				VALIDATE_PRODUCT = YES;
			};
			name = Release;
		};
		49459BEA2A26AE7900645818 /* Debug */ = {
			isa = XCBuildConfiguration;
			buildSettings = {
				ASSETCATALOG_COMPILER_APPICON_NAME = AppIcon;
				ASSETCATALOG_COMPILER_GLOBAL_ACCENT_COLOR_NAME = AccentColor;
				CODE_SIGN_STYLE = Automatic;
				CURRENT_PROJECT_VERSION = 1;
				DEVELOPMENT_ASSET_PATHS = "\"VideoFeed/Preview Content\"";
				DEVELOPMENT_TEAM = S42S283YD3;
				ENABLE_PREVIEWS = YES;
				GENERATE_INFOPLIST_FILE = YES;
				INFOPLIST_KEY_UIApplicationSceneManifest_Generation = YES;
				INFOPLIST_KEY_UIApplicationSupportsIndirectInputEvents = YES;
				INFOPLIST_KEY_UILaunchScreen_Generation = YES;
				INFOPLIST_KEY_UISupportedInterfaceOrientations_iPad = "UIInterfaceOrientationPortrait UIInterfaceOrientationPortraitUpsideDown UIInterfaceOrientationLandscapeLeft UIInterfaceOrientationLandscapeRight";
				INFOPLIST_KEY_UISupportedInterfaceOrientations_iPhone = "UIInterfaceOrientationPortrait UIInterfaceOrientationLandscapeLeft UIInterfaceOrientationLandscapeRight";
				LD_RUNPATH_SEARCH_PATHS = (
					"$(inherited)",
					"@executable_path/Frameworks",
				);
				MARKETING_VERSION = 1.0;
				PRODUCT_BUNDLE_IDENTIFIER = com.flawlessjaedesgnz.VideoFeed;
				PRODUCT_NAME = "$(TARGET_NAME)";
				SWIFT_EMIT_LOC_STRINGS = YES;
				SWIFT_VERSION = 5.0;
				TARGETED_DEVICE_FAMILY = "1,2";
			};
			name = Debug;
		};
		49459BEB2A26AE7900645818 /* Release */ = {
			isa = XCBuildConfiguration;
			buildSettings = {
				ASSETCATALOG_COMPILER_APPICON_NAME = AppIcon;
				ASSETCATALOG_COMPILER_GLOBAL_ACCENT_COLOR_NAME = AccentColor;
				CODE_SIGN_STYLE = Automatic;
				CURRENT_PROJECT_VERSION = 1;
				DEVELOPMENT_ASSET_PATHS = "\"VideoFeed/Preview Content\"";
				DEVELOPMENT_TEAM = S42S283YD3;
				ENABLE_PREVIEWS = YES;
				GENERATE_INFOPLIST_FILE = YES;
				INFOPLIST_KEY_UIApplicationSceneManifest_Generation = YES;
				INFOPLIST_KEY_UIApplicationSupportsIndirectInputEvents = YES;
				INFOPLIST_KEY_UILaunchScreen_Generation = YES;
				INFOPLIST_KEY_UISupportedInterfaceOrientations_iPad = "UIInterfaceOrientationPortrait UIInterfaceOrientationPortraitUpsideDown UIInterfaceOrientationLandscapeLeft UIInterfaceOrientationLandscapeRight";
				INFOPLIST_KEY_UISupportedInterfaceOrientations_iPhone = "UIInterfaceOrientationPortrait UIInterfaceOrientationLandscapeLeft UIInterfaceOrientationLandscapeRight";
				LD_RUNPATH_SEARCH_PATHS = (
					"$(inherited)",
					"@executable_path/Frameworks",
				);
				MARKETING_VERSION = 1.0;
				PRODUCT_BUNDLE_IDENTIFIER = com.flawlessjaedesgnz.VideoFeed;
				PRODUCT_NAME = "$(TARGET_NAME)";
				SWIFT_EMIT_LOC_STRINGS = YES;
				SWIFT_VERSION = 5.0;
				TARGETED_DEVICE_FAMILY = "1,2";
			};
			name = Release;
		};
/* End XCBuildConfiguration section */

/* Begin XCConfigurationList section */
		49459BD62A26AE7800645818 /* Build configuration list for PBXProject "VideoFeed" */ = {
			isa = XCConfigurationList;
			buildConfigurations = (
				49459BE72A26AE7900645818 /* Debug */,
				49459BE82A26AE7900645818 /* Release */,
			);
			defaultConfigurationIsVisible = 0;
			defaultConfigurationName = Release;
		};
		49459BE92A26AE7900645818 /* Build configuration list for PBXNativeTarget "VideoFeed" */ = {
			isa = XCConfigurationList;
			buildConfigurations = (
				49459BEA2A26AE7900645818 /* Debug */,
				49459BEB2A26AE7900645818 /* Release */,
			);
			defaultConfigurationIsVisible = 0;
			defaultConfigurationName = Release;
		};
/* End XCConfigurationList section */

/* Begin XCRemoteSwiftPackageReference section */
		49459BF32A26BBC500645818 /* XCRemoteSwiftPackageReference "Kingfisher" */ = {
			isa = XCRemoteSwiftPackageReference;
			repositoryURL = "https://github.com/onevcat/Kingfisher";
			requirement = {
				kind = upToNextMajorVersion;
				minimumVersion = 7.0.0;
			};
		};
		49459BF62A26BC7100645818 /* XCRemoteSwiftPackageReference "firebase-ios-sdk" */ = {
			isa = XCRemoteSwiftPackageReference;
			repositoryURL = "https://github.com/firebase/firebase-ios-sdk";
			requirement = {
				kind = upToNextMajorVersion;
				minimumVersion = 10.0.0;
			};
		};
/* End XCRemoteSwiftPackageReference section */

/* Begin XCSwiftPackageProductDependency section */
		49459BF42A26BBC500645818 /* Kingfisher */ = {
			isa = XCSwiftPackageProductDependency;
			package = 49459BF32A26BBC500645818 /* XCRemoteSwiftPackageReference "Kingfisher" */;
			productName = Kingfisher;
		};
		49459BF72A26BC7100645818 /* FirebaseFirestore */ = {
			isa = XCSwiftPackageProductDependency;
			package = 49459BF62A26BC7100645818 /* XCRemoteSwiftPackageReference "firebase-ios-sdk" */;
			productName = FirebaseFirestore;
		};
		49459BF92A26BC7100645818 /* FirebaseFirestoreSwift */ = {
			isa = XCSwiftPackageProductDependency;
			package = 49459BF62A26BC7100645818 /* XCRemoteSwiftPackageReference "firebase-ios-sdk" */;
			productName = FirebaseFirestoreSwift;
		};
		49459BFB2A26BC7100645818 /* FirebaseStorage */ = {
			isa = XCSwiftPackageProductDependency;
			package = 49459BF62A26BC7100645818 /* XCRemoteSwiftPackageReference "firebase-ios-sdk" */;
			productName = FirebaseStorage;
		};
/* End XCSwiftPackageProductDependency section */
	};
	rootObject = 49459BD32A26AE7800645818 /* Project object */;
}
